
Microsoft Visual Studio Solution File, Format Version 12.00
# Visual Studio Version 16
VisualStudioVersion = 16.0.31605.320
MinimumVisualStudioVersion = 10.0.40219.1
Project("{FAE04EC0-301F-11D3-BF4B-00C04F79EFBC}") = "CreateFunctionApp", "CreateFunctionApp\CreateFunctionApp.csproj", "{36B3A9CF-7A46-4DA2-99A5-DFF179987BB3}"
EndProject
Global
	GlobalSection(SolutionConfigurationPlatforms) = preSolution
		Debug|Any CPU = Debug|Any CPU
		Release|Any CPU = Release|Any CPU
	EndGlobalSection
	GlobalSection(ProjectConfigurationPlatforms) = postSolution
		{36B3A9CF-7A46-4DA2-99A5-DFF179987BB3}.Debug|Any CPU.ActiveCfg = Debug|Any CPU
		{36B3A9CF-7A46-4DA2-99A5-DFF179987BB3}.Debug|Any CPU.Build.0 = Debug|Any CPU
		{36B3A9CF-7A46-4DA2-99A5-DFF179987BB3}.Release|Any CPU.ActiveCfg = Release|Any CPU
		{36B3A9CF-7A46-4DA2-99A5-DFF179987BB3}.Release|Any CPU.Build.0 = Release|Any CPU
	EndGlobalSection
	GlobalSection(SolutionProperties) = preSolution
		HideSolutionNode = FALSE
	EndGlobalSection
	GlobalSection(ExtensibilityGlobals) = postSolution
		SolutionGuid = {AF399A83-ACB0-4AA9-831F-C7893FE276D7}
	EndGlobalSection
EndGlobal
